// !$*UTF8*$!
{
	archiveVersion = 1;
	classes = {
	};
	objectVersion = 56;
	objects = {

/* Begin PBXBuildFile section */
		1E023C452B06B1F8003A7B4E /* FirebaseFunctions in Frameworks */ = {isa = PBXBuildFile; productRef = 1E023C442B06B1F8003A7B4E /* FirebaseFunctions */; };
		1E2D22112B52169400587290 /* User.swift in Sources */ = {isa = PBXBuildFile; fileRef = 1E2D22102B52169400587290 /* User.swift */; };
		1E2D22132B52184900587290 /* UserViewModel.swift in Sources */ = {isa = PBXBuildFile; fileRef = 1E2D22122B52184900587290 /* UserViewModel.swift */; };
		1E5370682AB8E83D005B3D8D /* ReviewViewModel.swift in Sources */ = {isa = PBXBuildFile; fileRef = 1E5370672AB8E83D005B3D8D /* ReviewViewModel.swift */; };
		1E53706A2AB90DE5005B3D8D /* BookReviewRowView.swift in Sources */ = {isa = PBXBuildFile; fileRef = 1E5370692AB90DE5005B3D8D /* BookReviewRowView.swift */; };
		1E5BCBC42A95505F00C0A1D6 /* FirebaseAuth in Frameworks */ = {isa = PBXBuildFile; productRef = 1E5BCBC32A95505F00C0A1D6 /* FirebaseAuth */; };
		1E5BCBC62A95505F00C0A1D6 /* FirebaseFirestore in Frameworks */ = {isa = PBXBuildFile; productRef = 1E5BCBC52A95505F00C0A1D6 /* FirebaseFirestore */; };
		1E5BCBC82A95505F00C0A1D6 /* FirebaseFirestoreSwift in Frameworks */ = {isa = PBXBuildFile; productRef = 1E5BCBC72A95505F00C0A1D6 /* FirebaseFirestoreSwift */; };
		1E5BCBCA2A95505F00C0A1D6 /* FirebaseStorage in Frameworks */ = {isa = PBXBuildFile; productRef = 1E5BCBC92A95505F00C0A1D6 /* FirebaseStorage */; };
		1E5BCBCC2A9551D800C0A1D6 /* GoogleService-Info.plist in Resources */ = {isa = PBXBuildFile; fileRef = 1E5BCBCB2A9551D700C0A1D6 /* GoogleService-Info.plist */; };
		1E5BCBCE2A958C2A00C0A1D6 /* ListView.swift in Sources */ = {isa = PBXBuildFile; fileRef = 1E5BCBCD2A958C2A00C0A1D6 /* ListView.swift */; };
		1E65A3FC2A9D392800F23AE4 /* GoogleBooksResponse.swift in Sources */ = {isa = PBXBuildFile; fileRef = 1E65A3FB2A9D392800F23AE4 /* GoogleBooksResponse.swift */; };
		1E65A3FE2A9D6C7500F23AE4 /* Webservice.swift in Sources */ = {isa = PBXBuildFile; fileRef = 1E65A3FD2A9D6C7500F23AE4 /* Webservice.swift */; };
		1E65A4002A9D7ABC00F23AE4 /* ResultsViewModel.swift in Sources */ = {isa = PBXBuildFile; fileRef = 1E65A3FF2A9D7ABC00F23AE4 /* ResultsViewModel.swift */; };
		1E85FBDF2AD4D1D0003DA2BB /* ActivityFeedItem.swift in Sources */ = {isa = PBXBuildFile; fileRef = 1E85FBDE2AD4D1D0003DA2BB /* ActivityFeedItem.swift */; };
		1E8B6F4B2A9683A800EAB91A /* Book.swift in Sources */ = {isa = PBXBuildFile; fileRef = 1E8B6F4A2A9683A800EAB91A /* Book.swift */; };
		1E8B6F4D2A9684CA00EAB91A /* BookSearchView.swift in Sources */ = {isa = PBXBuildFile; fileRef = 1E8B6F4C2A9684CA00EAB91A /* BookSearchView.swift */; };
		1E8B6F4F2A9699ED00EAB91A /* BookViewModel.swift in Sources */ = {isa = PBXBuildFile; fileRef = 1E8B6F4E2A9699ED00EAB91A /* BookViewModel.swift */; };
		1E95BDA42A9540FE005B4D0D /* BookmarkedApp.swift in Sources */ = {isa = PBXBuildFile; fileRef = 1E95BDA32A9540FE005B4D0D /* BookmarkedApp.swift */; };
		1E95BDA62A9540FE005B4D0D /* LoginView.swift in Sources */ = {isa = PBXBuildFile; fileRef = 1E95BDA52A9540FE005B4D0D /* LoginView.swift */; };
		1E95BDA82A9540FF005B4D0D /* Assets.xcassets in Resources */ = {isa = PBXBuildFile; fileRef = 1E95BDA72A9540FF005B4D0D /* Assets.xcassets */; };
		1E95BDAC2A9540FF005B4D0D /* Preview Assets.xcassets in Resources */ = {isa = PBXBuildFile; fileRef = 1E95BDAB2A9540FF005B4D0D /* Preview Assets.xcassets */; };
		1E967DAC2AC754C400D63D1B /* HeartView.swift in Sources */ = {isa = PBXBuildFile; fileRef = 1E967DAB2AC754C400D63D1B /* HeartView.swift */; };
		1EAA82592AB5517500297279 /* Review.swift in Sources */ = {isa = PBXBuildFile; fileRef = 1EAA82582AB5517500297279 /* Review.swift */; };
		1EAA825B2AB5554900297279 /* ReviewView.swift in Sources */ = {isa = PBXBuildFile; fileRef = 1EAA825A2AB5554900297279 /* ReviewView.swift */; };
		1EAA825D2AB561EF00297279 /* StarsSelectionView.swift in Sources */ = {isa = PBXBuildFile; fileRef = 1EAA825C2AB561EF00297279 /* StarsSelectionView.swift */; };
		1EB182E02B55D80D0027105A /* UserProfileView.swift in Sources */ = {isa = PBXBuildFile; fileRef = 1EB182DF2B55D80D0027105A /* UserProfileView.swift */; };
		1EB182E22B55E2220027105A /* MetricView.swift in Sources */ = {isa = PBXBuildFile; fileRef = 1EB182E12B55E2220027105A /* MetricView.swift */; };
		1EB182E42B55E2510027105A /* BookShelfView.swift in Sources */ = {isa = PBXBuildFile; fileRef = 1EB182E32B55E2510027105A /* BookShelfView.swift */; };
		1EC4980B2AE71CD70056F30E /* BookmarkedTests.swift in Sources */ = {isa = PBXBuildFile; fileRef = 1EC4980A2AE71CD70056F30E /* BookmarkedTests.swift */; };
		1EC498122AE71D2A0056F30E /* BookSearchTests.swift in Sources */ = {isa = PBXBuildFile; fileRef = 1EC498112AE71D2A0056F30E /* BookSearchTests.swift */; };
		1EDC31322AB3BD8800D6C952 /* BookDetailView.swift in Sources */ = {isa = PBXBuildFile; fileRef = 1EDC31312AB3BD8800D6C952 /* BookDetailView.swift */; };
		1EDC31352AB3C63100D6C952 /* SDWebImageSwiftUI in Frameworks */ = {isa = PBXBuildFile; productRef = 1EDC31342AB3C63100D6C952 /* SDWebImageSwiftUI */; };
		1EE28AC62AF2DE4600272D21 /* ReviewViewModelTests.swift in Sources */ = {isa = PBXBuildFile; fileRef = 1EE28AC52AF2DE4600272D21 /* ReviewViewModelTests.swift */; };
		1EE28AC82AF2E01500272D21 /* FavoriteTests.swift in Sources */ = {isa = PBXBuildFile; fileRef = 1EE28AC72AF2E01500272D21 /* FavoriteTests.swift */; };
		1EE28ACA2AF30B9000272D21 /* FirestoreService.swift in Sources */ = {isa = PBXBuildFile; fileRef = 1EE28AC12AF2DDDD00272D21 /* FirestoreService.swift */; };
		1EE28ACB2AF30B9800272D21 /* MockFirestoreService.swift in Sources */ = {isa = PBXBuildFile; fileRef = 1EE28AC32AF2DE1400272D21 /* MockFirestoreService.swift */; };
/* End PBXBuildFile section */

/* Begin PBXContainerItemProxy section */
		1EC4980C2AE71CD70056F30E /* PBXContainerItemProxy */ = {
			isa = PBXContainerItemProxy;
			containerPortal = 1E95BD982A9540FE005B4D0D /* Project object */;
			proxyType = 1;
			remoteGlobalIDString = 1E95BD9F2A9540FE005B4D0D;
			remoteInfo = Bookmarked;
		};
/* End PBXContainerItemProxy section */

/* Begin PBXFileReference section */
		1E2D22102B52169400587290 /* User.swift */ = {isa = PBXFileReference; lastKnownFileType = sourcecode.swift; path = User.swift; sourceTree = "<group>"; };
		1E2D22122B52184900587290 /* UserViewModel.swift */ = {isa = PBXFileReference; lastKnownFileType = sourcecode.swift; path = UserViewModel.swift; sourceTree = "<group>"; };
		1E50B8182A9547B9004F6C3F /* Info.plist */ = {isa = PBXFileReference; lastKnownFileType = text.plist; path = Info.plist; sourceTree = "<group>"; };
		1E5370672AB8E83D005B3D8D /* ReviewViewModel.swift */ = {isa = PBXFileReference; lastKnownFileType = sourcecode.swift; path = ReviewViewModel.swift; sourceTree = "<group>"; };
		1E5370692AB90DE5005B3D8D /* BookReviewRowView.swift */ = {isa = PBXFileReference; lastKnownFileType = sourcecode.swift; path = BookReviewRowView.swift; sourceTree = "<group>"; };
		1E5BCBCB2A9551D700C0A1D6 /* GoogleService-Info.plist */ = {isa = PBXFileReference; fileEncoding = 4; lastKnownFileType = text.plist.xml; path = "GoogleService-Info.plist"; sourceTree = "<group>"; };
		1E5BCBCD2A958C2A00C0A1D6 /* ListView.swift */ = {isa = PBXFileReference; lastKnownFileType = sourcecode.swift; path = ListView.swift; sourceTree = "<group>"; };
		1E65A3FB2A9D392800F23AE4 /* GoogleBooksResponse.swift */ = {isa = PBXFileReference; lastKnownFileType = sourcecode.swift; path = GoogleBooksResponse.swift; sourceTree = "<group>"; };
		1E65A3FD2A9D6C7500F23AE4 /* Webservice.swift */ = {isa = PBXFileReference; lastKnownFileType = sourcecode.swift; path = Webservice.swift; sourceTree = "<group>"; };
		1E65A3FF2A9D7ABC00F23AE4 /* ResultsViewModel.swift */ = {isa = PBXFileReference; lastKnownFileType = sourcecode.swift; path = ResultsViewModel.swift; sourceTree = "<group>"; };
		1E85FBDE2AD4D1D0003DA2BB /* ActivityFeedItem.swift */ = {isa = PBXFileReference; lastKnownFileType = sourcecode.swift; path = ActivityFeedItem.swift; sourceTree = "<group>"; };
		1E8B6F4A2A9683A800EAB91A /* Book.swift */ = {isa = PBXFileReference; lastKnownFileType = sourcecode.swift; path = Book.swift; sourceTree = "<group>"; };
		1E8B6F4C2A9684CA00EAB91A /* BookSearchView.swift */ = {isa = PBXFileReference; lastKnownFileType = sourcecode.swift; path = BookSearchView.swift; sourceTree = "<group>"; };
		1E8B6F4E2A9699ED00EAB91A /* BookViewModel.swift */ = {isa = PBXFileReference; lastKnownFileType = sourcecode.swift; path = BookViewModel.swift; sourceTree = "<group>"; };
		1E95BDA02A9540FE005B4D0D /* Bookmarked.app */ = {isa = PBXFileReference; explicitFileType = wrapper.application; includeInIndex = 0; path = Bookmarked.app; sourceTree = BUILT_PRODUCTS_DIR; };
		1E95BDA32A9540FE005B4D0D /* BookmarkedApp.swift */ = {isa = PBXFileReference; lastKnownFileType = sourcecode.swift; path = BookmarkedApp.swift; sourceTree = "<group>"; };
		1E95BDA52A9540FE005B4D0D /* LoginView.swift */ = {isa = PBXFileReference; lastKnownFileType = sourcecode.swift; path = LoginView.swift; sourceTree = "<group>"; };
		1E95BDA72A9540FF005B4D0D /* Assets.xcassets */ = {isa = PBXFileReference; lastKnownFileType = folder.assetcatalog; path = Assets.xcassets; sourceTree = "<group>"; };
		1E95BDA92A9540FF005B4D0D /* Bookmarked.entitlements */ = {isa = PBXFileReference; lastKnownFileType = text.plist.entitlements; path = Bookmarked.entitlements; sourceTree = "<group>"; };
		1E95BDAB2A9540FF005B4D0D /* Preview Assets.xcassets */ = {isa = PBXFileReference; lastKnownFileType = folder.assetcatalog; path = "Preview Assets.xcassets"; sourceTree = "<group>"; };
		1E967DAB2AC754C400D63D1B /* HeartView.swift */ = {isa = PBXFileReference; lastKnownFileType = sourcecode.swift; path = HeartView.swift; sourceTree = "<group>"; };
		1EAA82582AB5517500297279 /* Review.swift */ = {isa = PBXFileReference; lastKnownFileType = sourcecode.swift; path = Review.swift; sourceTree = "<group>"; };
		1EAA825A2AB5554900297279 /* ReviewView.swift */ = {isa = PBXFileReference; lastKnownFileType = sourcecode.swift; path = ReviewView.swift; sourceTree = "<group>"; };
		1EAA825C2AB561EF00297279 /* StarsSelectionView.swift */ = {isa = PBXFileReference; lastKnownFileType = sourcecode.swift; path = StarsSelectionView.swift; sourceTree = "<group>"; };
		1EB182DF2B55D80D0027105A /* UserProfileView.swift */ = {isa = PBXFileReference; lastKnownFileType = sourcecode.swift; path = UserProfileView.swift; sourceTree = "<group>"; };
		1EB182E12B55E2220027105A /* MetricView.swift */ = {isa = PBXFileReference; lastKnownFileType = sourcecode.swift; path = MetricView.swift; sourceTree = "<group>"; };
		1EB182E32B55E2510027105A /* BookShelfView.swift */ = {isa = PBXFileReference; lastKnownFileType = sourcecode.swift; path = BookShelfView.swift; sourceTree = "<group>"; };
		1EC498082AE71CD70056F30E /* BookmarkedTests.xctest */ = {isa = PBXFileReference; explicitFileType = wrapper.cfbundle; includeInIndex = 0; path = BookmarkedTests.xctest; sourceTree = BUILT_PRODUCTS_DIR; };
		1EC4980A2AE71CD70056F30E /* BookmarkedTests.swift */ = {isa = PBXFileReference; lastKnownFileType = sourcecode.swift; path = BookmarkedTests.swift; sourceTree = "<group>"; };
		1EC498112AE71D2A0056F30E /* BookSearchTests.swift */ = {isa = PBXFileReference; lastKnownFileType = sourcecode.swift; path = BookSearchTests.swift; sourceTree = "<group>"; };
		1EDC31312AB3BD8800D6C952 /* BookDetailView.swift */ = {isa = PBXFileReference; lastKnownFileType = sourcecode.swift; path = BookDetailView.swift; sourceTree = "<group>"; };
		1EE28AC12AF2DDDD00272D21 /* FirestoreService.swift */ = {isa = PBXFileReference; lastKnownFileType = sourcecode.swift; path = FirestoreService.swift; sourceTree = "<group>"; };
		1EE28AC32AF2DE1400272D21 /* MockFirestoreService.swift */ = {isa = PBXFileReference; lastKnownFileType = sourcecode.swift; path = MockFirestoreService.swift; sourceTree = "<group>"; };
		1EE28AC52AF2DE4600272D21 /* ReviewViewModelTests.swift */ = {isa = PBXFileReference; lastKnownFileType = sourcecode.swift; path = ReviewViewModelTests.swift; sourceTree = "<group>"; };
		1EE28AC72AF2E01500272D21 /* FavoriteTests.swift */ = {isa = PBXFileReference; lastKnownFileType = sourcecode.swift; path = FavoriteTests.swift; sourceTree = "<group>"; };
/* End PBXFileReference section */

/* Begin PBXFrameworksBuildPhase section */
		1E95BD9D2A9540FE005B4D0D /* Frameworks */ = {
			isa = PBXFrameworksBuildPhase;
			buildActionMask = 2147483647;
			files = (
				1EDC31352AB3C63100D6C952 /* SDWebImageSwiftUI in Frameworks */,
				1E5BCBC42A95505F00C0A1D6 /* FirebaseAuth in Frameworks */,
				1E5BCBCA2A95505F00C0A1D6 /* FirebaseStorage in Frameworks */,
				1E023C452B06B1F8003A7B4E /* FirebaseFunctions in Frameworks */,
				1E5BCBC62A95505F00C0A1D6 /* FirebaseFirestore in Frameworks */,
				1E5BCBC82A95505F00C0A1D6 /* FirebaseFirestoreSwift in Frameworks */,
			);
			runOnlyForDeploymentPostprocessing = 0;
		};
		1EC498052AE71CD70056F30E /* Frameworks */ = {
			isa = PBXFrameworksBuildPhase;
			buildActionMask = 2147483647;
			files = (
			);
			runOnlyForDeploymentPostprocessing = 0;
		};
/* End PBXFrameworksBuildPhase section */

/* Begin PBXGroup section */
		1E95BD972A9540FE005B4D0D = {
			isa = PBXGroup;
			children = (
				1E95BDA22A9540FE005B4D0D /* Bookmarked */,
				1EC498092AE71CD70056F30E /* BookmarkedTests */,
				1E95BDA12A9540FE005B4D0D /* Products */,
			);
			sourceTree = "<group>";
		};
		1E95BDA12A9540FE005B4D0D /* Products */ = {
			isa = PBXGroup;
			children = (
				1E95BDA02A9540FE005B4D0D /* Bookmarked.app */,
				1EC498082AE71CD70056F30E /* BookmarkedTests.xctest */,
			);
			name = Products;
			sourceTree = "<group>";
		};
		1E95BDA22A9540FE005B4D0D /* Bookmarked */ = {
			isa = PBXGroup;
			children = (
				1E50B8182A9547B9004F6C3F /* Info.plist */,
				1E95BDA32A9540FE005B4D0D /* BookmarkedApp.swift */,
				1EDFAFCB2A99328B004F3AE3 /* Model */,
				1EDFAFCC2A99329B004F3AE3 /* ViewModel */,
				1EDFAFCD2A9932A9004F3AE3 /* View */,
				1EE28AC92AF30A5A00272D21 /* Services */,
				1E95BDA72A9540FF005B4D0D /* Assets.xcassets */,
				1E5BCBCB2A9551D700C0A1D6 /* GoogleService-Info.plist */,
				1E95BDA92A9540FF005B4D0D /* Bookmarked.entitlements */,
				1E95BDAA2A9540FF005B4D0D /* Preview Content */,
			);
			path = Bookmarked;
			sourceTree = "<group>";
		};
		1E95BDAA2A9540FF005B4D0D /* Preview Content */ = {
			isa = PBXGroup;
			children = (
				1E95BDAB2A9540FF005B4D0D /* Preview Assets.xcassets */,
			);
			path = "Preview Content";
			sourceTree = "<group>";
		};
		1EC498092AE71CD70056F30E /* BookmarkedTests */ = {
			isa = PBXGroup;
			children = (
				1EC4980A2AE71CD70056F30E /* BookmarkedTests.swift */,
				1EC498112AE71D2A0056F30E /* BookSearchTests.swift */,
				1EE28AC52AF2DE4600272D21 /* ReviewViewModelTests.swift */,
				1EE28AC72AF2E01500272D21 /* FavoriteTests.swift */,
			);
			path = BookmarkedTests;
			sourceTree = "<group>";
		};
		1EDFAFCB2A99328B004F3AE3 /* Model */ = {
			isa = PBXGroup;
			children = (
				1E85FBDE2AD4D1D0003DA2BB /* ActivityFeedItem.swift */,
				1E8B6F4A2A9683A800EAB91A /* Book.swift */,
				1E65A3FB2A9D392800F23AE4 /* GoogleBooksResponse.swift */,
				1EAA82582AB5517500297279 /* Review.swift */,
				1E2D22102B52169400587290 /* User.swift */,
			);
			path = Model;
			sourceTree = "<group>";
		};
		1EDFAFCC2A99329B004F3AE3 /* ViewModel */ = {
			isa = PBXGroup;
			children = (
				1E8B6F4E2A9699ED00EAB91A /* BookViewModel.swift */,
				1E5370672AB8E83D005B3D8D /* ReviewViewModel.swift */,
				1E65A3FF2A9D7ABC00F23AE4 /* ResultsViewModel.swift */,
				1E2D22122B52184900587290 /* UserViewModel.swift */,
			);
			path = ViewModel;
			sourceTree = "<group>";
		};
		1EDFAFCD2A9932A9004F3AE3 /* View */ = {
			isa = PBXGroup;
			children = (
				1EDC31312AB3BD8800D6C952 /* BookDetailView.swift */,
				1E5370692AB90DE5005B3D8D /* BookReviewRowView.swift */,
				1E8B6F4C2A9684CA00EAB91A /* BookSearchView.swift */,
				1E5BCBCD2A958C2A00C0A1D6 /* ListView.swift */,
				1E95BDA52A9540FE005B4D0D /* LoginView.swift */,
				1EB182E12B55E2220027105A /* MetricView.swift */,
				1EB182E32B55E2510027105A /* BookShelfView.swift */,
				1E967DAB2AC754C400D63D1B /* HeartView.swift */,
				1EAA825A2AB5554900297279 /* ReviewView.swift */,
				1EAA825C2AB561EF00297279 /* StarsSelectionView.swift */,
				1EB182DF2B55D80D0027105A /* UserProfileView.swift */,
			);
			path = View;
			sourceTree = "<group>";
		};
		1EE28AC92AF30A5A00272D21 /* Services */ = {
			isa = PBXGroup;
			children = (
				1EE28AC12AF2DDDD00272D21 /* FirestoreService.swift */,
				1EE28AC32AF2DE1400272D21 /* MockFirestoreService.swift */,
				1E65A3FD2A9D6C7500F23AE4 /* Webservice.swift */,
			);
			path = Services;
			sourceTree = "<group>";
		};
/* End PBXGroup section */

/* Begin PBXNativeTarget section */
		1E95BD9F2A9540FE005B4D0D /* Bookmarked */ = {
			isa = PBXNativeTarget;
			buildConfigurationList = 1E95BDAF2A9540FF005B4D0D /* Build configuration list for PBXNativeTarget "Bookmarked" */;
			buildPhases = (
				1E95BD9C2A9540FE005B4D0D /* Sources */,
				1E95BD9D2A9540FE005B4D0D /* Frameworks */,
				1E95BD9E2A9540FE005B4D0D /* Resources */,
			);
			buildRules = (
			);
			dependencies = (
			);
			name = Bookmarked;
			packageProductDependencies = (
				1E5BCBC32A95505F00C0A1D6 /* FirebaseAuth */,
				1E5BCBC52A95505F00C0A1D6 /* FirebaseFirestore */,
				1E5BCBC72A95505F00C0A1D6 /* FirebaseFirestoreSwift */,
				1E5BCBC92A95505F00C0A1D6 /* FirebaseStorage */,
				1EDC31342AB3C63100D6C952 /* SDWebImageSwiftUI */,
				1E023C442B06B1F8003A7B4E /* FirebaseFunctions */,
			);
			productName = Bookmarked;
			productReference = 1E95BDA02A9540FE005B4D0D /* Bookmarked.app */;
			productType = "com.apple.product-type.application";
		};
		1EC498072AE71CD70056F30E /* BookmarkedTests */ = {
			isa = PBXNativeTarget;
			buildConfigurationList = 1EC498102AE71CD70056F30E /* Build configuration list for PBXNativeTarget "BookmarkedTests" */;
			buildPhases = (
				1EC498042AE71CD70056F30E /* Sources */,
				1EC498052AE71CD70056F30E /* Frameworks */,
				1EC498062AE71CD70056F30E /* Resources */,
			);
			buildRules = (
			);
			dependencies = (
				1EC4980D2AE71CD70056F30E /* PBXTargetDependency */,
			);
			name = BookmarkedTests;
			productName = BookmarkedTests;
			productReference = 1EC498082AE71CD70056F30E /* BookmarkedTests.xctest */;
			productType = "com.apple.product-type.bundle.unit-test";
		};
/* End PBXNativeTarget section */

/* Begin PBXProject section */
		1E95BD982A9540FE005B4D0D /* Project object */ = {
			isa = PBXProject;
			attributes = {
				BuildIndependentTargetsInParallel = 1;
				LastSwiftUpdateCheck = 1500;
				LastUpgradeCheck = 1500;
				TargetAttributes = {
					1E95BD9F2A9540FE005B4D0D = {
						CreatedOnToolsVersion = 14.3.1;
					};
					1EC498072AE71CD70056F30E = {
						CreatedOnToolsVersion = 15.0.1;
						TestTargetID = 1E95BD9F2A9540FE005B4D0D;
					};
				};
			};
			buildConfigurationList = 1E95BD9B2A9540FE005B4D0D /* Build configuration list for PBXProject "Bookmarked" */;
			compatibilityVersion = "Xcode 14.0";
			developmentRegion = en;
			hasScannedForEncodings = 0;
			knownRegions = (
				en,
				Base,
			);
			mainGroup = 1E95BD972A9540FE005B4D0D;
			packageReferences = (
				1E5BCBC22A95505F00C0A1D6 /* XCRemoteSwiftPackageReference "firebase-ios-sdk" */,
				1EDC31332AB3C63100D6C952 /* XCRemoteSwiftPackageReference "SDWebImageSwiftUI" */,
			);
			productRefGroup = 1E95BDA12A9540FE005B4D0D /* Products */;
			projectDirPath = "";
			projectRoot = "";
			targets = (
				1E95BD9F2A9540FE005B4D0D /* Bookmarked */,
				1EC498072AE71CD70056F30E /* BookmarkedTests */,
			);
		};
/* End PBXProject section */

/* Begin PBXResourcesBuildPhase section */
		1E95BD9E2A9540FE005B4D0D /* Resources */ = {
			isa = PBXResourcesBuildPhase;
			buildActionMask = 2147483647;
			files = (
				1E95BDAC2A9540FF005B4D0D /* Preview Assets.xcassets in Resources */,
				1E95BDA82A9540FF005B4D0D /* Assets.xcassets in Resources */,
				1E5BCBCC2A9551D800C0A1D6 /* GoogleService-Info.plist in Resources */,
			);
			runOnlyForDeploymentPostprocessing = 0;
		};
		1EC498062AE71CD70056F30E /* Resources */ = {
			isa = PBXResourcesBuildPhase;
			buildActionMask = 2147483647;
			files = (
			);
			runOnlyForDeploymentPostprocessing = 0;
		};
/* End PBXResourcesBuildPhase section */

/* Begin PBXSourcesBuildPhase section */
		1E95BD9C2A9540FE005B4D0D /* Sources */ = {
			isa = PBXSourcesBuildPhase;
			buildActionMask = 2147483647;
			files = (
				1E8B6F4B2A9683A800EAB91A /* Book.swift in Sources */,
				1EB182E22B55E2220027105A /* MetricView.swift in Sources */,
				1EE28ACA2AF30B9000272D21 /* FirestoreService.swift in Sources */,
				1E95BDA62A9540FE005B4D0D /* LoginView.swift in Sources */,
				1E53706A2AB90DE5005B3D8D /* BookReviewRowView.swift in Sources */,
				1E5370682AB8E83D005B3D8D /* ReviewViewModel.swift in Sources */,
				1EB182E42B55E2510027105A /* BookShelfView.swift in Sources */,
				1E85FBDF2AD4D1D0003DA2BB /* ActivityFeedItem.swift in Sources */,
				1EDC31322AB3BD8800D6C952 /* BookDetailView.swift in Sources */,
				1EB182E02B55D80D0027105A /* UserProfileView.swift in Sources */,
				1EAA825D2AB561EF00297279 /* StarsSelectionView.swift in Sources */,
				1E2D22112B52169400587290 /* User.swift in Sources */,
				1E65A3FE2A9D6C7500F23AE4 /* Webservice.swift in Sources */,
				1EE28ACB2AF30B9800272D21 /* MockFirestoreService.swift in Sources */,
				1EAA825B2AB5554900297279 /* ReviewView.swift in Sources */,
				1E65A4002A9D7ABC00F23AE4 /* ResultsViewModel.swift in Sources */,
				1E967DAC2AC754C400D63D1B /* HeartView.swift in Sources */,
				1E8B6F4D2A9684CA00EAB91A /* BookSearchView.swift in Sources */,
				1EAA82592AB5517500297279 /* Review.swift in Sources */,
				1E95BDA42A9540FE005B4D0D /* BookmarkedApp.swift in Sources */,
				1E5BCBCE2A958C2A00C0A1D6 /* ListView.swift in Sources */,
				1E65A3FC2A9D392800F23AE4 /* GoogleBooksResponse.swift in Sources */,
				1E2D22132B52184900587290 /* UserViewModel.swift in Sources */,
				1E8B6F4F2A9699ED00EAB91A /* BookViewModel.swift in Sources */,
			);
			runOnlyForDeploymentPostprocessing = 0;
		};
		1EC498042AE71CD70056F30E /* Sources */ = {
			isa = PBXSourcesBuildPhase;
			buildActionMask = 2147483647;
			files = (
				1EC498122AE71D2A0056F30E /* BookSearchTests.swift in Sources */,
				1EE28AC62AF2DE4600272D21 /* ReviewViewModelTests.swift in Sources */,
				1EE28AC82AF2E01500272D21 /* FavoriteTests.swift in Sources */,
				1EC4980B2AE71CD70056F30E /* BookmarkedTests.swift in Sources */,
			);
			runOnlyForDeploymentPostprocessing = 0;
		};
/* End PBXSourcesBuildPhase section */

/* Begin PBXTargetDependency section */
		1EC4980D2AE71CD70056F30E /* PBXTargetDependency */ = {
			isa = PBXTargetDependency;
			target = 1E95BD9F2A9540FE005B4D0D /* Bookmarked */;
			targetProxy = 1EC4980C2AE71CD70056F30E /* PBXContainerItemProxy */;
		};
/* End PBXTargetDependency section */

/* Begin XCBuildConfiguration section */
		1E95BDAD2A9540FF005B4D0D /* Debug */ = {
			isa = XCBuildConfiguration;
			buildSettings = {
				ALWAYS_SEARCH_USER_PATHS = NO;
				ASSETCATALOG_COMPILER_GENERATE_SWIFT_ASSET_SYMBOL_EXTENSIONS = YES;
				CLANG_ANALYZER_NONNULL = YES;
				CLANG_ANALYZER_NUMBER_OBJECT_CONVERSION = YES_AGGRESSIVE;
				CLANG_CXX_LANGUAGE_STANDARD = "gnu++20";
				CLANG_ENABLE_MODULES = YES;
				CLANG_ENABLE_OBJC_ARC = YES;
				CLANG_ENABLE_OBJC_WEAK = YES;
				CLANG_WARN_BLOCK_CAPTURE_AUTORELEASING = YES;
				CLANG_WARN_BOOL_CONVERSION = YES;
				CLANG_WARN_COMMA = YES;
				CLANG_WARN_CONSTANT_CONVERSION = YES;
				CLANG_WARN_DEPRECATED_OBJC_IMPLEMENTATIONS = YES;
				CLANG_WARN_DIRECT_OBJC_ISA_USAGE = YES_ERROR;
				CLANG_WARN_DOCUMENTATION_COMMENTS = YES;
				CLANG_WARN_EMPTY_BODY = YES;
				CLANG_WARN_ENUM_CONVERSION = YES;
				CLANG_WARN_INFINITE_RECURSION = YES;
				CLANG_WARN_INT_CONVERSION = YES;
				CLANG_WARN_NON_LITERAL_NULL_CONVERSION = YES;
				CLANG_WARN_OBJC_IMPLICIT_RETAIN_SELF = YES;
				CLANG_WARN_OBJC_LITERAL_CONVERSION = YES;
				CLANG_WARN_OBJC_ROOT_CLASS = YES_ERROR;
				CLANG_WARN_QUOTED_INCLUDE_IN_FRAMEWORK_HEADER = YES;
				CLANG_WARN_RANGE_LOOP_ANALYSIS = YES;
				CLANG_WARN_STRICT_PROTOTYPES = YES;
				CLANG_WARN_SUSPICIOUS_MOVE = YES;
				CLANG_WARN_UNGUARDED_AVAILABILITY = YES_AGGRESSIVE;
				CLANG_WARN_UNREACHABLE_CODE = YES;
				CLANG_WARN__DUPLICATE_METHOD_MATCH = YES;
				COPY_PHASE_STRIP = NO;
				DEAD_CODE_STRIPPING = YES;
				DEBUG_INFORMATION_FORMAT = dwarf;
				ENABLE_STRICT_OBJC_MSGSEND = YES;
				ENABLE_TESTABILITY = YES;
				ENABLE_USER_SCRIPT_SANDBOXING = YES;
				GCC_C_LANGUAGE_STANDARD = gnu11;
				GCC_DYNAMIC_NO_PIC = NO;
				GCC_NO_COMMON_BLOCKS = YES;
				GCC_OPTIMIZATION_LEVEL = 0;
				GCC_PREPROCESSOR_DEFINITIONS = (
					"DEBUG=1",
					"$(inherited)",
				);
				GCC_WARN_64_TO_32_BIT_CONVERSION = YES;
				GCC_WARN_ABOUT_RETURN_TYPE = YES_ERROR;
				GCC_WARN_UNDECLARED_SELECTOR = YES;
				GCC_WARN_UNINITIALIZED_AUTOS = YES_AGGRESSIVE;
				GCC_WARN_UNUSED_FUNCTION = YES;
				GCC_WARN_UNUSED_VARIABLE = YES;
				MTL_ENABLE_DEBUG_INFO = INCLUDE_SOURCE;
				MTL_FAST_MATH = YES;
				ONLY_ACTIVE_ARCH = YES;
				SWIFT_ACTIVE_COMPILATION_CONDITIONS = DEBUG;
				SWIFT_OPTIMIZATION_LEVEL = "-Onone";
			};
			name = Debug;
		};
		1E95BDAE2A9540FF005B4D0D /* Release */ = {
			isa = XCBuildConfiguration;
			buildSettings = {
				ALWAYS_SEARCH_USER_PATHS = NO;
				ASSETCATALOG_COMPILER_GENERATE_SWIFT_ASSET_SYMBOL_EXTENSIONS = YES;
				CLANG_ANALYZER_NONNULL = YES;
				CLANG_ANALYZER_NUMBER_OBJECT_CONVERSION = YES_AGGRESSIVE;
				CLANG_CXX_LANGUAGE_STANDARD = "gnu++20";
				CLANG_ENABLE_MODULES = YES;
				CLANG_ENABLE_OBJC_ARC = YES;
				CLANG_ENABLE_OBJC_WEAK = YES;
				CLANG_WARN_BLOCK_CAPTURE_AUTORELEASING = YES;
				CLANG_WARN_BOOL_CONVERSION = YES;
				CLANG_WARN_COMMA = YES;
				CLANG_WARN_CONSTANT_CONVERSION = YES;
				CLANG_WARN_DEPRECATED_OBJC_IMPLEMENTATIONS = YES;
				CLANG_WARN_DIRECT_OBJC_ISA_USAGE = YES_ERROR;
				CLANG_WARN_DOCUMENTATION_COMMENTS = YES;
				CLANG_WARN_EMPTY_BODY = YES;
				CLANG_WARN_ENUM_CONVERSION = YES;
				CLANG_WARN_INFINITE_RECURSION = YES;
				CLANG_WARN_INT_CONVERSION = YES;
				CLANG_WARN_NON_LITERAL_NULL_CONVERSION = YES;
				CLANG_WARN_OBJC_IMPLICIT_RETAIN_SELF = YES;
				CLANG_WARN_OBJC_LITERAL_CONVERSION = YES;
				CLANG_WARN_OBJC_ROOT_CLASS = YES_ERROR;
				CLANG_WARN_QUOTED_INCLUDE_IN_FRAMEWORK_HEADER = YES;
				CLANG_WARN_RANGE_LOOP_ANALYSIS = YES;
				CLANG_WARN_STRICT_PROTOTYPES = YES;
				CLANG_WARN_SUSPICIOUS_MOVE = YES;
				CLANG_WARN_UNGUARDED_AVAILABILITY = YES_AGGRESSIVE;
				CLANG_WARN_UNREACHABLE_CODE = YES;
				CLANG_WARN__DUPLICATE_METHOD_MATCH = YES;
				COPY_PHASE_STRIP = NO;
				DEAD_CODE_STRIPPING = YES;
				DEBUG_INFORMATION_FORMAT = "dwarf-with-dsym";
				ENABLE_NS_ASSERTIONS = NO;
				ENABLE_STRICT_OBJC_MSGSEND = YES;
				ENABLE_USER_SCRIPT_SANDBOXING = YES;
				GCC_C_LANGUAGE_STANDARD = gnu11;
				GCC_NO_COMMON_BLOCKS = YES;
				GCC_WARN_64_TO_32_BIT_CONVERSION = YES;
				GCC_WARN_ABOUT_RETURN_TYPE = YES_ERROR;
				GCC_WARN_UNDECLARED_SELECTOR = YES;
				GCC_WARN_UNINITIALIZED_AUTOS = YES_AGGRESSIVE;
				GCC_WARN_UNUSED_FUNCTION = YES;
				GCC_WARN_UNUSED_VARIABLE = YES;
				MTL_ENABLE_DEBUG_INFO = NO;
				MTL_FAST_MATH = YES;
				SWIFT_COMPILATION_MODE = wholemodule;
				SWIFT_OPTIMIZATION_LEVEL = "-O";
			};
			name = Release;
		};
		1E95BDB02A9540FF005B4D0D /* Debug */ = {
			isa = XCBuildConfiguration;
			buildSettings = {
				ASSETCATALOG_COMPILER_APPICON_NAME = AppIcon;
				ASSETCATALOG_COMPILER_GLOBAL_ACCENT_COLOR_NAME = AccentColor;
				CODE_SIGN_ENTITLEMENTS = Bookmarked/Bookmarked.entitlements;
				CODE_SIGN_STYLE = Automatic;
				CURRENT_PROJECT_VERSION = 1;
				DEAD_CODE_STRIPPING = YES;
				DEVELOPMENT_ASSET_PATHS = "\"Bookmarked/Preview Content\"";
				DEVELOPMENT_TEAM = VCZ9KBCD6H;
				ENABLE_HARDENED_RUNTIME = YES;
				ENABLE_PREVIEWS = YES;
				GENERATE_INFOPLIST_FILE = YES;
				INFOPLIST_FILE = Bookmarked/Info.plist;
				INFOPLIST_KEY_LSApplicationCategoryType = "";
				"INFOPLIST_KEY_UIApplicationSceneManifest_Generation[sdk=iphoneos*]" = YES;
				"INFOPLIST_KEY_UIApplicationSceneManifest_Generation[sdk=iphonesimulator*]" = YES;
				"INFOPLIST_KEY_UIApplicationSupportsIndirectInputEvents[sdk=iphoneos*]" = YES;
				"INFOPLIST_KEY_UIApplicationSupportsIndirectInputEvents[sdk=iphonesimulator*]" = YES;
				"INFOPLIST_KEY_UILaunchScreen_Generation[sdk=iphoneos*]" = YES;
				"INFOPLIST_KEY_UILaunchScreen_Generation[sdk=iphonesimulator*]" = YES;
				"INFOPLIST_KEY_UIStatusBarStyle[sdk=iphoneos*]" = UIStatusBarStyleDefault;
				"INFOPLIST_KEY_UIStatusBarStyle[sdk=iphonesimulator*]" = UIStatusBarStyleDefault;
				INFOPLIST_KEY_UISupportedInterfaceOrientations_iPad = "UIInterfaceOrientationPortrait UIInterfaceOrientationPortraitUpsideDown UIInterfaceOrientationLandscapeLeft UIInterfaceOrientationLandscapeRight";
				INFOPLIST_KEY_UISupportedInterfaceOrientations_iPhone = "UIInterfaceOrientationPortrait UIInterfaceOrientationLandscapeLeft UIInterfaceOrientationLandscapeRight";
				IPHONEOS_DEPLOYMENT_TARGET = 16.4;
				LD_RUNPATH_SEARCH_PATHS = "@executable_path/Frameworks";
				"LD_RUNPATH_SEARCH_PATHS[sdk=macosx*]" = "@executable_path/../Frameworks";
				MACOSX_DEPLOYMENT_TARGET = 13.3;
				MARKETING_VERSION = 1.0;
				OTHER_LDFLAGS = "-Wl,-ld_classic";
				PRODUCT_BUNDLE_IDENTIFIER = "Vivien-Quach.Bookmarked";
				PRODUCT_NAME = "$(TARGET_NAME)";
				SDKROOT = auto;
				SUPPORTED_PLATFORMS = "iphoneos iphonesimulator macosx";
				SWIFT_EMIT_LOC_STRINGS = YES;
				SWIFT_VERSION = 5.0;
				TARGETED_DEVICE_FAMILY = "1,2";
			};
			name = Debug;
		};
		1E95BDB12A9540FF005B4D0D /* Release */ = {
			isa = XCBuildConfiguration;
			buildSettings = {
				ASSETCATALOG_COMPILER_APPICON_NAME = AppIcon;
				ASSETCATALOG_COMPILER_GLOBAL_ACCENT_COLOR_NAME = AccentColor;
				CODE_SIGN_ENTITLEMENTS = Bookmarked/Bookmarked.entitlements;
				CODE_SIGN_STYLE = Automatic;
				CURRENT_PROJECT_VERSION = 1;
				DEAD_CODE_STRIPPING = YES;
				DEVELOPMENT_ASSET_PATHS = "\"Bookmarked/Preview Content\"";
				DEVELOPMENT_TEAM = VCZ9KBCD6H;
				ENABLE_HARDENED_RUNTIME = YES;
				ENABLE_PREVIEWS = YES;
				GENERATE_INFOPLIST_FILE = YES;
				INFOPLIST_FILE = Bookmarked/Info.plist;
				INFOPLIST_KEY_LSApplicationCategoryType = "";
				"INFOPLIST_KEY_UIApplicationSceneManifest_Generation[sdk=iphoneos*]" = YES;
				"INFOPLIST_KEY_UIApplicationSceneManifest_Generation[sdk=iphonesimulator*]" = YES;
				"INFOPLIST_KEY_UIApplicationSupportsIndirectInputEvents[sdk=iphoneos*]" = YES;
				"INFOPLIST_KEY_UIApplicationSupportsIndirectInputEvents[sdk=iphonesimulator*]" = YES;
				"INFOPLIST_KEY_UILaunchScreen_Generation[sdk=iphoneos*]" = YES;
				"INFOPLIST_KEY_UILaunchScreen_Generation[sdk=iphonesimulator*]" = YES;
				"INFOPLIST_KEY_UIStatusBarStyle[sdk=iphoneos*]" = UIStatusBarStyleDefault;
				"INFOPLIST_KEY_UIStatusBarStyle[sdk=iphonesimulator*]" = UIStatusBarStyleDefault;
				INFOPLIST_KEY_UISupportedInterfaceOrientations_iPad = "UIInterfaceOrientationPortrait UIInterfaceOrientationPortraitUpsideDown UIInterfaceOrientationLandscapeLeft UIInterfaceOrientationLandscapeRight";
				INFOPLIST_KEY_UISupportedInterfaceOrientations_iPhone = "UIInterfaceOrientationPortrait UIInterfaceOrientationLandscapeLeft UIInterfaceOrientationLandscapeRight";
				IPHONEOS_DEPLOYMENT_TARGET = 16.4;
				LD_RUNPATH_SEARCH_PATHS = "@executable_path/Frameworks";
				"LD_RUNPATH_SEARCH_PATHS[sdk=macosx*]" = "@executable_path/../Frameworks";
				MACOSX_DEPLOYMENT_TARGET = 13.3;
				MARKETING_VERSION = 1.0;
				OTHER_LDFLAGS = "-Wl,-ld_classic";
				PRODUCT_BUNDLE_IDENTIFIER = "Vivien-Quach.Bookmarked";
				PRODUCT_NAME = "$(TARGET_NAME)";
				SDKROOT = auto;
				SUPPORTED_PLATFORMS = "iphoneos iphonesimulator macosx";
				SWIFT_EMIT_LOC_STRINGS = YES;
				SWIFT_VERSION = 5.0;
				TARGETED_DEVICE_FAMILY = "1,2";
			};
			name = Release;
		};
		1EC4980E2AE71CD70056F30E /* Debug */ = {
			isa = XCBuildConfiguration;
			buildSettings = {
				BUNDLE_LOADER = "$(TEST_HOST)";
				CODE_SIGN_STYLE = Automatic;
				CURRENT_PROJECT_VERSION = 1;
				DEVELOPMENT_TEAM = VCZ9KBCD6H;
				GCC_C_LANGUAGE_STANDARD = gnu17;
				GENERATE_INFOPLIST_FILE = YES;
				IPHONEOS_DEPLOYMENT_TARGET = 17.0;
				LOCALIZATION_PREFERS_STRING_CATALOGS = YES;
				MARKETING_VERSION = 1.0;
				OTHER_LDFLAGS = "-Wl,-ld_classic";
				PRODUCT_BUNDLE_IDENTIFIER = "Vivien-Quach.BookmarkedTests";
				PRODUCT_NAME = "$(TARGET_NAME)";
				SDKROOT = iphoneos;
				SWIFT_ACTIVE_COMPILATION_CONDITIONS = "DEBUG $(inherited)";
				SWIFT_EMIT_LOC_STRINGS = NO;
				SWIFT_VERSION = 5.0;
				TARGETED_DEVICE_FAMILY = "1,2";
				TEST_HOST = "$(BUILT_PRODUCTS_DIR)/Bookmarked.app/$(BUNDLE_EXECUTABLE_FOLDER_PATH)/Bookmarked";
			};
			name = Debug;
		};
		1EC4980F2AE71CD70056F30E /* Release */ = {
			isa = XCBuildConfiguration;
			buildSettings = {
				BUNDLE_LOADER = "$(TEST_HOST)";
				CODE_SIGN_STYLE = Automatic;
				CURRENT_PROJECT_VERSION = 1;
				DEVELOPMENT_TEAM = VCZ9KBCD6H;
				GCC_C_LANGUAGE_STANDARD = gnu17;
				GENERATE_INFOPLIST_FILE = YES;
				IPHONEOS_DEPLOYMENT_TARGET = 17.0;
				LOCALIZATION_PREFERS_STRING_CATALOGS = YES;
				MARKETING_VERSION = 1.0;
				OTHER_LDFLAGS = "-Wl,-ld_classic";
				PRODUCT_BUNDLE_IDENTIFIER = "Vivien-Quach.BookmarkedTests";
				PRODUCT_NAME = "$(TARGET_NAME)";
				SDKROOT = iphoneos;
				SWIFT_EMIT_LOC_STRINGS = NO;
				SWIFT_VERSION = 5.0;
				TARGETED_DEVICE_FAMILY = "1,2";
				TEST_HOST = "$(BUILT_PRODUCTS_DIR)/Bookmarked.app/$(BUNDLE_EXECUTABLE_FOLDER_PATH)/Bookmarked";
				VALIDATE_PRODUCT = YES;
			};
			name = Release;
		};
/* End XCBuildConfiguration section */

/* Begin XCConfigurationList section */
		1E95BD9B2A9540FE005B4D0D /* Build configuration list for PBXProject "Bookmarked" */ = {
			isa = XCConfigurationList;
			buildConfigurations = (
				1E95BDAD2A9540FF005B4D0D /* Debug */,
				1E95BDAE2A9540FF005B4D0D /* Release */,
			);
			defaultConfigurationIsVisible = 0;
			defaultConfigurationName = Release;
		};
		1E95BDAF2A9540FF005B4D0D /* Build configuration list for PBXNativeTarget "Bookmarked" */ = {
			isa = XCConfigurationList;
			buildConfigurations = (
				1E95BDB02A9540FF005B4D0D /* Debug */,
				1E95BDB12A9540FF005B4D0D /* Release */,
			);
			defaultConfigurationIsVisible = 0;
			defaultConfigurationName = Release;
		};
		1EC498102AE71CD70056F30E /* Build configuration list for PBXNativeTarget "BookmarkedTests" */ = {
			isa = XCConfigurationList;
			buildConfigurations = (
				1EC4980E2AE71CD70056F30E /* Debug */,
				1EC4980F2AE71CD70056F30E /* Release */,
			);
			defaultConfigurationIsVisible = 0;
			defaultConfigurationName = Release;
		};
/* End XCConfigurationList section */

/* Begin XCRemoteSwiftPackageReference section */
		1E5BCBC22A95505F00C0A1D6 /* XCRemoteSwiftPackageReference "firebase-ios-sdk" */ = {
			isa = XCRemoteSwiftPackageReference;
			repositoryURL = "https://github.com/firebase/firebase-ios-sdk.git";
			requirement = {
				kind = upToNextMajorVersion;
				minimumVersion = 10.0.0;
			};
		};
		1EDC31332AB3C63100D6C952 /* XCRemoteSwiftPackageReference "SDWebImageSwiftUI" */ = {
			isa = XCRemoteSwiftPackageReference;
			repositoryURL = "https://github.com/SDWebImage/SDWebImageSwiftUI.git";
			requirement = {
				kind = upToNextMajorVersion;
				minimumVersion = 2.0.0;
			};
		};
/* End XCRemoteSwiftPackageReference section */

/* Begin XCSwiftPackageProductDependency section */
		1E023C442B06B1F8003A7B4E /* FirebaseFunctions */ = {
			isa = XCSwiftPackageProductDependency;
			package = 1E5BCBC22A95505F00C0A1D6 /* XCRemoteSwiftPackageReference "firebase-ios-sdk" */;
			productName = FirebaseFunctions;
		};
		1E5BCBC32A95505F00C0A1D6 /* FirebaseAuth */ = {
			isa = XCSwiftPackageProductDependency;
			package = 1E5BCBC22A95505F00C0A1D6 /* XCRemoteSwiftPackageReference "firebase-ios-sdk" */;
			productName = FirebaseAuth;
		};
		1E5BCBC52A95505F00C0A1D6 /* FirebaseFirestore */ = {
			isa = XCSwiftPackageProductDependency;
			package = 1E5BCBC22A95505F00C0A1D6 /* XCRemoteSwiftPackageReference "firebase-ios-sdk" */;
			productName = FirebaseFirestore;
		};
		1E5BCBC72A95505F00C0A1D6 /* FirebaseFirestoreSwift */ = {
			isa = XCSwiftPackageProductDependency;
			package = 1E5BCBC22A95505F00C0A1D6 /* XCRemoteSwiftPackageReference "firebase-ios-sdk" */;
			productName = FirebaseFirestoreSwift;
		};
		1E5BCBC92A95505F00C0A1D6 /* FirebaseStorage */ = {
			isa = XCSwiftPackageProductDependency;
			package = 1E5BCBC22A95505F00C0A1D6 /* XCRemoteSwiftPackageReference "firebase-ios-sdk" */;
			productName = FirebaseStorage;
		};
		1EDC31342AB3C63100D6C952 /* SDWebImageSwiftUI */ = {
			isa = XCSwiftPackageProductDependency;
			package = 1EDC31332AB3C63100D6C952 /* XCRemoteSwiftPackageReference "SDWebImageSwiftUI" */;
			productName = SDWebImageSwiftUI;
		};
/* End XCSwiftPackageProductDependency section */
	};
	rootObject = 1E95BD982A9540FE005B4D0D /* Project object */;
}
